# THIS IS AN AUTOGENERATED FILE. DO NOT EDIT THIS FILE DIRECTLY.
# yarn lockfile v1


"@lottiefiles/lottie-interactivity@^0.1.3":
  version "0.1.3"
  resolved "https://registry.yarnpkg.com/@lottiefiles/lottie-interactivity/-/lottie-interactivity-0.1.3.tgz#0d26f5fca2472b52e4223838efdf5bc50d1a8836"
  integrity sha512-11GA5anKm7allHVKBFjeenyUYJXjisItf8gxU+v5AEmoo1wfiHNWCAuKyEWL8wNO2DijDJ1uhaYCAsIUxIgl4g==
  dependencies:
    core-js "3"

core-js@3:
  version "3.8.3"
  resolved "https://registry.yarnpkg.com/core-js/-/core-js-3.8.3.tgz#c21906e1f14f3689f93abcc6e26883550dd92dd0"
  integrity sha512-KPYXeVZYemC2TkNEkX/01I+7yd+nX3KddKwZ1Ww7SKWdI2wQprSgLmrTddT8nw92AjEklTsPBoSdQBhbI1bQ6Q==
